
Microsoft Visual Studio Solution File, Format Version 12.00
# Visual Studio 15
VisualStudioVersion = 15.0.28307.1209
MinimumVisualStudioVersion = 10.0.40219.1
Project("{FAE04EC0-301F-11D3-BF4B-00C04F79EFBC}") = "DummyJenkins", "DummyJenkins\DummyJenkins.csproj", "{750128DD-E799-4BBB-8A14-B0E3732D2576}"
EndProject
Global
	GlobalSection(SolutionConfigurationPlatforms) = preSolution
		Debug|Any CPU = Debug|Any CPU
		Release|Any CPU = Release|Any CPU
	EndGlobalSection
	GlobalSection(ProjectConfigurationPlatforms) = postSolution
		{750128DD-E799-4BBB-8A14-B0E3732D2576}.Debug|Any CPU.ActiveCfg = Debug|Any CPU
		{750128DD-E799-4BBB-8A14-B0E3732D2576}.Debug|Any CPU.Build.0 = Debug|Any CPU
		{750128DD-E799-4BBB-8A14-B0E3732D2576}.Release|Any CPU.ActiveCfg = Release|Any CPU
		{750128DD-E799-4BBB-8A14-B0E3732D2576}.Release|Any CPU.Build.0 = Release|Any CPU
	EndGlobalSection
	GlobalSection(SolutionProperties) = preSolution
		HideSolutionNode = FALSE
	EndGlobalSection
	GlobalSection(ExtensibilityGlobals) = postSolution
		SolutionGuid = {DDEB5353-C841-4CCF-8A0C-6080C25F8DED}
	EndGlobalSection
EndGlobal
